
Microsoft Visual Studio Solution File, Format Version 12.00
# Visual Studio Version 17
VisualStudioVersion = 17.5.002.0
MinimumVisualStudioVersion = 10.0.40219.1
Project("{9A19103F-16F7-4668-BE54-9A1E7A4F7556}") = "CsharpProjects", "CsharpProjects.csproj", "{CA8F245A-3398-451C-88DA-56E9C9CD6965}"
EndProject
Global
	GlobalSection(SolutionConfigurationPlatforms) = preSolution
		Debug|Any CPU = Debug|Any CPU
		Release|Any CPU = Release|Any CPU
	EndGlobalSection
	GlobalSection(ProjectConfigurationPlatforms) = postSolution
		{CA8F245A-3398-451C-88DA-56E9C9CD6965}.Debug|Any CPU.ActiveCfg = Debug|Any CPU
		{CA8F245A-3398-451C-88DA-56E9C9CD6965}.Debug|Any CPU.Build.0 = Debug|Any CPU
		{CA8F245A-3398-451C-88DA-56E9C9CD6965}.Release|Any CPU.ActiveCfg = Release|Any CPU
		{CA8F245A-3398-451C-88DA-56E9C9CD6965}.Release|Any CPU.Build.0 = Release|Any CPU
	EndGlobalSection
	GlobalSection(SolutionProperties) = preSolution
		HideSolutionNode = FALSE
	EndGlobalSection
	GlobalSection(ExtensibilityGlobals) = postSolution
		SolutionGuid = {5332457E-2FD1-4543-818A-8927677B46CA}
	EndGlobalSection
EndGlobal
